
Microsoft Visual Studio Solution File, Format Version 12.00
# Visual Studio 15
VisualStudioVersion = 15.0.27004.2009
MinimumVisualStudioVersion = 10.0.40219.1
Project("{888888A0-9F3D-457C-B088-3A5042F75D52}") = "vector_srcgen", "vector_srcgen\vector_srcgen.pyproj", "{29F3E3FA-481F-4204-9376-E2A5F58E09D6}"
EndProject
Project("{8BC9CEB8-8B4A-11D0-8D11-00A0C91BC942}") = "vector_test", "vector_test\vector_test.vcxproj", "{B1624708-416B-4E64-B580-550C2EBE120E}"
EndProject
Project("{8BC9CEB8-8B4A-11D0-8D11-00A0C91BC942}") = "test_basic", "kiss_test\kiss_test.vcxproj", "{CC36873D-A98B-4984-84AB-89FA9EDEB563}"
	ProjectSection(ProjectDependencies) = postProject
		{3CE4D73E-D831-4B0F-BA6C-8D46D9FC179C} = {3CE4D73E-D831-4B0F-BA6C-8D46D9FC179C}
	EndProjectSection
EndProject
Project("{8BC9CEB8-8B4A-11D0-8D11-00A0C91BC942}") = "test_util", "test_util\test_util.vcxproj", "{3CE4D73E-D831-4B0F-BA6C-8D46D9FC179C}"
EndProject
Project("{8BC9CEB8-8B4A-11D0-8D11-00A0C91BC942}") = "test_multi_basic", "test_multi_basic\test_multi_basic.vcxproj", "{4014F98D-D680-4E2A-8C34-8134409711FE}"
	ProjectSection(ProjectDependencies) = postProject
		{3CE4D73E-D831-4B0F-BA6C-8D46D9FC179C} = {3CE4D73E-D831-4B0F-BA6C-8D46D9FC179C}
	EndProjectSection
EndProject
Project("{8BC9CEB8-8B4A-11D0-8D11-00A0C91BC942}") = "kiss", "kiss\kiss.vcxproj", "{3AD11A97-1E0F-408D-976F-55EBF1CA27BB}"
EndProject
Global
	GlobalSection(SolutionConfigurationPlatforms) = preSolution
		Debug|Any CPU = Debug|Any CPU
		Debug|x64 = Debug|x64
		Debug|x86 = Debug|x86
		Release|Any CPU = Release|Any CPU
		Release|x64 = Release|x64
		Release|x86 = Release|x86
	EndGlobalSection
	GlobalSection(ProjectConfigurationPlatforms) = postSolution
		{29F3E3FA-481F-4204-9376-E2A5F58E09D6}.Debug|Any CPU.ActiveCfg = Debug|Any CPU
		{29F3E3FA-481F-4204-9376-E2A5F58E09D6}.Debug|x64.ActiveCfg = Debug|Any CPU
		{29F3E3FA-481F-4204-9376-E2A5F58E09D6}.Debug|x86.ActiveCfg = Debug|Any CPU
		{29F3E3FA-481F-4204-9376-E2A5F58E09D6}.Release|Any CPU.ActiveCfg = Release|Any CPU
		{29F3E3FA-481F-4204-9376-E2A5F58E09D6}.Release|x64.ActiveCfg = Release|Any CPU
		{29F3E3FA-481F-4204-9376-E2A5F58E09D6}.Release|x86.ActiveCfg = Release|Any CPU
		{B1624708-416B-4E64-B580-550C2EBE120E}.Debug|Any CPU.ActiveCfg = Debug|Win32
		{B1624708-416B-4E64-B580-550C2EBE120E}.Debug|x64.ActiveCfg = Debug|x64
		{B1624708-416B-4E64-B580-550C2EBE120E}.Debug|x64.Build.0 = Debug|x64
		{B1624708-416B-4E64-B580-550C2EBE120E}.Debug|x86.ActiveCfg = Debug|Win32
		{B1624708-416B-4E64-B580-550C2EBE120E}.Debug|x86.Build.0 = Debug|Win32
		{B1624708-416B-4E64-B580-550C2EBE120E}.Release|Any CPU.ActiveCfg = Release|Win32
		{B1624708-416B-4E64-B580-550C2EBE120E}.Release|x64.ActiveCfg = Release|x64
		{B1624708-416B-4E64-B580-550C2EBE120E}.Release|x64.Build.0 = Release|x64
		{B1624708-416B-4E64-B580-550C2EBE120E}.Release|x86.ActiveCfg = Release|Win32
		{B1624708-416B-4E64-B580-550C2EBE120E}.Release|x86.Build.0 = Release|Win32
		{CC36873D-A98B-4984-84AB-89FA9EDEB563}.Debug|Any CPU.ActiveCfg = Debug|Win32
		{CC36873D-A98B-4984-84AB-89FA9EDEB563}.Debug|x64.ActiveCfg = Debug|x64
		{CC36873D-A98B-4984-84AB-89FA9EDEB563}.Debug|x64.Build.0 = Debug|x64
		{CC36873D-A98B-4984-84AB-89FA9EDEB563}.Debug|x86.ActiveCfg = Debug|Win32
		{CC36873D-A98B-4984-84AB-89FA9EDEB563}.Debug|x86.Build.0 = Debug|Win32
		{CC36873D-A98B-4984-84AB-89FA9EDEB563}.Release|Any CPU.ActiveCfg = Release|Win32
		{CC36873D-A98B-4984-84AB-89FA9EDEB563}.Release|x64.ActiveCfg = Release|x64
		{CC36873D-A98B-4984-84AB-89FA9EDEB563}.Release|x64.Build.0 = Release|x64
		{CC36873D-A98B-4984-84AB-89FA9EDEB563}.Release|x86.ActiveCfg = Release|Win32
		{CC36873D-A98B-4984-84AB-89FA9EDEB563}.Release|x86.Build.0 = Release|Win32
		{3CE4D73E-D831-4B0F-BA6C-8D46D9FC179C}.Debug|Any CPU.ActiveCfg = Debug|Win32
		{3CE4D73E-D831-4B0F-BA6C-8D46D9FC179C}.Debug|x64.ActiveCfg = Debug|x64
		{3CE4D73E-D831-4B0F-BA6C-8D46D9FC179C}.Debug|x64.Build.0 = Debug|x64
		{3CE4D73E-D831-4B0F-BA6C-8D46D9FC179C}.Debug|x86.ActiveCfg = Debug|Win32
		{3CE4D73E-D831-4B0F-BA6C-8D46D9FC179C}.Debug|x86.Build.0 = Debug|Win32
		{3CE4D73E-D831-4B0F-BA6C-8D46D9FC179C}.Release|Any CPU.ActiveCfg = Release|Win32
		{3CE4D73E-D831-4B0F-BA6C-8D46D9FC179C}.Release|x64.ActiveCfg = Release|x64
		{3CE4D73E-D831-4B0F-BA6C-8D46D9FC179C}.Release|x64.Build.0 = Release|x64
		{3CE4D73E-D831-4B0F-BA6C-8D46D9FC179C}.Release|x86.ActiveCfg = Release|Win32
		{3CE4D73E-D831-4B0F-BA6C-8D46D9FC179C}.Release|x86.Build.0 = Release|Win32
		{4014F98D-D680-4E2A-8C34-8134409711FE}.Debug|Any CPU.ActiveCfg = Debug|Win32
		{4014F98D-D680-4E2A-8C34-8134409711FE}.Debug|x64.ActiveCfg = Debug|x64
		{4014F98D-D680-4E2A-8C34-8134409711FE}.Debug|x64.Build.0 = Debug|x64
		{4014F98D-D680-4E2A-8C34-8134409711FE}.Debug|x86.ActiveCfg = Debug|Win32
		{4014F98D-D680-4E2A-8C34-8134409711FE}.Debug|x86.Build.0 = Debug|Win32
		{4014F98D-D680-4E2A-8C34-8134409711FE}.Release|Any CPU.ActiveCfg = Release|Win32
		{4014F98D-D680-4E2A-8C34-8134409711FE}.Release|x64.ActiveCfg = Release|x64
		{4014F98D-D680-4E2A-8C34-8134409711FE}.Release|x64.Build.0 = Release|x64
		{4014F98D-D680-4E2A-8C34-8134409711FE}.Release|x86.ActiveCfg = Release|Win32
		{4014F98D-D680-4E2A-8C34-8134409711FE}.Release|x86.Build.0 = Release|Win32
		{3AD11A97-1E0F-408D-976F-55EBF1CA27BB}.Debug|Any CPU.ActiveCfg = Debug|Win32
		{3AD11A97-1E0F-408D-976F-55EBF1CA27BB}.Debug|x64.ActiveCfg = Debug|x64
		{3AD11A97-1E0F-408D-976F-55EBF1CA27BB}.Debug|x64.Build.0 = Debug|x64
		{3AD11A97-1E0F-408D-976F-55EBF1CA27BB}.Debug|x86.ActiveCfg = Debug|Win32
		{3AD11A97-1E0F-408D-976F-55EBF1CA27BB}.Debug|x86.Build.0 = Debug|Win32
		{3AD11A97-1E0F-408D-976F-55EBF1CA27BB}.Release|Any CPU.ActiveCfg = Release|Win32
		{3AD11A97-1E0F-408D-976F-55EBF1CA27BB}.Release|x64.ActiveCfg = Release|x64
		{3AD11A97-1E0F-408D-976F-55EBF1CA27BB}.Release|x64.Build.0 = Release|x64
		{3AD11A97-1E0F-408D-976F-55EBF1CA27BB}.Release|x86.ActiveCfg = Release|Win32
		{3AD11A97-1E0F-408D-976F-55EBF1CA27BB}.Release|x86.Build.0 = Release|Win32
	EndGlobalSection
	GlobalSection(SolutionProperties) = preSolution
		HideSolutionNode = FALSE
	EndGlobalSection
	GlobalSection(ExtensibilityGlobals) = postSolution
		SolutionGuid = {1C465F4F-84A2-49D3-8816-E36CD7A4BD2D}
	EndGlobalSection
EndGlobal
