<?xml version="1.0" encoding="utf-8"?>
<Project ToolsVersion="4.0" xmlns="http://schemas.microsoft.com/developer/msbuild/2003">
  <ItemGroup>
    <Filter Include="vector">
      <UniqueIdentifier>{b0846c6a-4524-484a-a228-49b80b90e4a9}</UniqueIdentifier>
    </Filter>
    <Filter Include="api">
      <UniqueIdentifier>{f265a9f6-a30d-492c-86bb-396d666c8c40}</UniqueIdentifier>
    </Filter>
    <Filter Include="detail">
      <UniqueIdentifier>{e569fc81-eeb5-49a0-b5fa-1f63b2ae7686}</UniqueIdentifier>
    </Filter>
    <Filter Include="detail\win32">
      <UniqueIdentifier>{4a9076d3-4d3e-457b-9d17-735829b8474e}</UniqueIdentifier>
    </Filter>
    <Filter Include="glad">
      <UniqueIdentifier>{c8704d01-49d1-46c1-b887-e3d5b56a5f9d}</UniqueIdentifier>
    </Filter>
  </ItemGroup>
  <ItemGroup>
    <ClCompile Include="vector\bv2.cpp">
      <Filter>vector</Filter>
    </ClCompile>
    <ClCompile Include="vector\bv3.cpp">
      <Filter>vector</Filter>
    </ClCompile>
    <ClCompile Include="vector\bv4.cpp">
      <Filter>vector</Filter>
    </ClCompile>
    <ClCompile Include="vector\dv2.cpp">
      <Filter>vector</Filter>
    </ClCompile>
    <ClCompile Include="vector\dv3.cpp">
      <Filter>vector</Filter>
    </ClCompile>
    <ClCompile Include="vector\dv4.cpp">
      <Filter>vector</Filter>
    </ClCompile>
    <ClCompile Include="vector\fv2.cpp">
      <Filter>vector</Filter>
    </ClCompile>
    <ClCompile Include="vector\fv3.cpp">
      <Filter>vector</Filter>
    </ClCompile>
    <ClCompile Include="vector\fv4.cpp">
      <Filter>vector</Filter>
    </ClCompile>
    <ClCompile Include="vector\iv2.cpp">
      <Filter>vector</Filter>
    </ClCompile>
    <ClCompile Include="vector\iv3.cpp">
      <Filter>vector</Filter>
    </ClCompile>
    <ClCompile Include="vector\iv4.cpp">
      <Filter>vector</Filter>
    </ClCompile>
    <ClCompile Include="vector\kissmath.cpp">
      <Filter>vector</Filter>
    </ClCompile>
    <ClCompile Include="vector\s64v2.cpp">
      <Filter>vector</Filter>
    </ClCompile>
    <ClCompile Include="vector\s64v3.cpp">
      <Filter>vector</Filter>
    </ClCompile>
    <ClCompile Include="vector\s64v4.cpp">
      <Filter>vector</Filter>
    </ClCompile>
    <ClCompile Include="vector\u8v2.cpp">
      <Filter>vector</Filter>
    </ClCompile>
    <ClCompile Include="vector\u8v3.cpp">
      <Filter>vector</Filter>
    </ClCompile>
    <ClCompile Include="vector\u8v4.cpp">
      <Filter>vector</Filter>
    </ClCompile>
    <ClCompile Include="vector\dm2.cpp">
      <Filter>vector</Filter>
    </ClCompile>
    <ClCompile Include="vector\dm2x3.cpp">
      <Filter>vector</Filter>
    </ClCompile>
    <ClCompile Include="vector\dm3.cpp">
      <Filter>vector</Filter>
    </ClCompile>
    <ClCompile Include="vector\dm3x4.cpp">
      <Filter>vector</Filter>
    </ClCompile>
    <ClCompile Include="vector\dm4.cpp">
      <Filter>vector</Filter>
    </ClCompile>
    <ClCompile Include="vector\fm2.cpp">
      <Filter>vector</Filter>
    </ClCompile>
    <ClCompile Include="vector\fm2x3.cpp">
      <Filter>vector</Filter>
    </ClCompile>
    <ClCompile Include="vector\fm3.cpp">
      <Filter>vector</Filter>
    </ClCompile>
    <ClCompile Include="vector\fm3x4.cpp">
      <Filter>vector</Filter>
    </ClCompile>
    <ClCompile Include="vector\fm4.cpp">
      <Filter>vector</Filter>
    </ClCompile>
    <ClCompile Include="vector\transformations.cpp">
      <Filter>vector</Filter>
    </ClCompile>
    <ClCompile Include="win32_window.cpp">
      <Filter>detail\win32</Filter>
    </ClCompile>
    <ClCompile Include="window.cpp">
      <Filter>api</Filter>
    </ClCompile>
    <ClCompile Include="glad\glad.c">
      <Filter>glad</Filter>
    </ClCompile>
    <ClCompile Include="glad\glad_wgl.c">
      <Filter>glad</Filter>
    </ClCompile>
    <ClCompile Include="string.cpp">
      <Filter>detail\win32</Filter>
    </ClCompile>
    <ClCompile Include="thread_name.cpp">
      <Filter>api</Filter>
    </ClCompile>
    <ClCompile Include="opengl_context.cpp">
      <Filter>detail\win32</Filter>
    </ClCompile>
  </ItemGroup>
  <ItemGroup>
    <ClInclude Include="vector\bv2.hpp">
      <Filter>vector</Filter>
    </ClInclude>
    <ClInclude Include="vector\bv3.hpp">
      <Filter>vector</Filter>
    </ClInclude>
    <ClInclude Include="vector\bv4.hpp">
      <Filter>vector</Filter>
    </ClInclude>
    <ClInclude Include="vector\dv2.hpp">
      <Filter>vector</Filter>
    </ClInclude>
    <ClInclude Include="vector\dv3.hpp">
      <Filter>vector</Filter>
    </ClInclude>
    <ClInclude Include="vector\dv4.hpp">
      <Filter>vector</Filter>
    </ClInclude>
    <ClInclude Include="vector\fv2.hpp">
      <Filter>vector</Filter>
    </ClInclude>
    <ClInclude Include="vector\fv3.hpp">
      <Filter>vector</Filter>
    </ClInclude>
    <ClInclude Include="vector\fv4.hpp">
      <Filter>vector</Filter>
    </ClInclude>
    <ClInclude Include="vector\iv2.hpp">
      <Filter>vector</Filter>
    </ClInclude>
    <ClInclude Include="vector\iv3.hpp">
      <Filter>vector</Filter>
    </ClInclude>
    <ClInclude Include="vector\iv4.hpp">
      <Filter>vector</Filter>
    </ClInclude>
    <ClInclude Include="vector\kissmath.hpp">
      <Filter>vector</Filter>
    </ClInclude>
    <ClInclude Include="vector\s64v2.hpp">
      <Filter>vector</Filter>
    </ClInclude>
    <ClInclude Include="vector\s64v3.hpp">
      <Filter>vector</Filter>
    </ClInclude>
    <ClInclude Include="vector\s64v4.hpp">
      <Filter>vector</Filter>
    </ClInclude>
    <ClInclude Include="vector\types.hpp">
      <Filter>vector</Filter>
    </ClInclude>
    <ClInclude Include="vector\u8v2.hpp">
      <Filter>vector</Filter>
    </ClInclude>
    <ClInclude Include="vector\u8v3.hpp">
      <Filter>vector</Filter>
    </ClInclude>
    <ClInclude Include="vector\u8v4.hpp">
      <Filter>vector</Filter>
    </ClInclude>
    <ClInclude Include="vector\util.hpp">
      <Filter>vector</Filter>
    </ClInclude>
    <ClInclude Include="vector\vector.hpp">
      <Filter>vector</Filter>
    </ClInclude>
    <ClInclude Include="vector\dm2.hpp">
      <Filter>vector</Filter>
    </ClInclude>
    <ClInclude Include="vector\dm2x3.hpp">
      <Filter>vector</Filter>
    </ClInclude>
    <ClInclude Include="vector\dm3.hpp">
      <Filter>vector</Filter>
    </ClInclude>
    <ClInclude Include="vector\dm3x4.hpp">
      <Filter>vector</Filter>
    </ClInclude>
    <ClInclude Include="vector\dm4.hpp">
      <Filter>vector</Filter>
    </ClInclude>
    <ClInclude Include="vector\fm2.hpp">
      <Filter>vector</Filter>
    </ClInclude>
    <ClInclude Include="vector\fm2x3.hpp">
      <Filter>vector</Filter>
    </ClInclude>
    <ClInclude Include="vector\fm3.hpp">
      <Filter>vector</Filter>
    </ClInclude>
    <ClInclude Include="vector\fm3x4.hpp">
      <Filter>vector</Filter>
    </ClInclude>
    <ClInclude Include="vector\fm4.hpp">
      <Filter>vector</Filter>
    </ClInclude>
    <ClInclude Include="vector\transformations.hpp">
      <Filter>vector</Filter>
    </ClInclude>
    <ClInclude Include="kiss.hpp">
      <Filter>api</Filter>
    </ClInclude>
    <ClInclude Include="input.hpp">
      <Filter>api</Filter>
    </ClInclude>
    <ClInclude Include="window.hpp">
      <Filter>api</Filter>
    </ClInclude>
    <ClInclude Include="smart_ptr.hpp">
      <Filter>api</Filter>
    </ClInclude>
    <ClInclude Include="move_only.hpp">
      <Filter>api</Filter>
    </ClInclude>
    <ClInclude Include="win32_window.hpp">
      <Filter>detail\win32</Filter>
    </ClInclude>
    <ClInclude Include="glad\glad.h">
      <Filter>glad</Filter>
    </ClInclude>
    <ClInclude Include="glad\glad_wgl.h">
      <Filter>glad</Filter>
    </ClInclude>
    <ClInclude Include="glad\khrplatform.h">
      <Filter>glad</Filter>
    </ClInclude>
    <ClInclude Include="opengl_api.hpp">
      <Filter>api</Filter>
    </ClInclude>
    <ClInclude Include="clean_windows_h.hpp">
      <Filter>detail\win32</Filter>
    </ClInclude>
    <ClInclude Include="string.hpp">
      <Filter>api</Filter>
    </ClInclude>
    <ClInclude Include="win32_window_input.hpp">
      <Filter>detail\win32</Filter>
    </ClInclude>
    <ClInclude Include="win32_remote_proc_caller.hpp">
      <Filter>detail\win32</Filter>
    </ClInclude>
    <ClInclude Include="thread_name.hpp">
      <Filter>api</Filter>
    </ClInclude>
    <ClInclude Include="opengl_context.hpp">
      <Filter>detail\win32</Filter>
    </ClInclude>
    <ClInclude Include="wgl_api.hpp">
      <Filter>api</Filter>
    </ClInclude>
  </ItemGroup>
  <ItemGroup>
    <Text Include="TODO.txt" />
  </ItemGroup>
</Project>