<?xml version="1.0" encoding="utf-8"?>
<Project ToolsVersion="4.0" xmlns="http://schemas.microsoft.com/developer/msbuild/2003">
  <ItemGroup>
    <Filter Include="Source Files">
      <UniqueIdentifier>{4FC737F1-C7A5-4376-A066-2A32D752A2FF}</UniqueIdentifier>
      <Extensions>cpp;c;cc;cxx;def;odl;idl;hpj;bat;asm;asmx</Extensions>
    </Filter>
    <Filter Include="Header Files">
      <UniqueIdentifier>{93995380-89BD-4b04-88EB-625FBE52EBFB}</UniqueIdentifier>
      <Extensions>h;hh;hpp;hxx;hm;inl;inc;ipp;xsd</Extensions>
    </Filter>
    <Filter Include="Resource Files">
      <UniqueIdentifier>{67DA6AB6-F800-4c08-8B7A-83BB121AAD01}</UniqueIdentifier>
      <Extensions>rc;ico;cur;bmp;dlg;rc2;rct;bin;rgs;gif;jpg;jpeg;jpe;resx;tiff;tif;png;wav;mfcribbon-ms</Extensions>
    </Filter>
    <Filter Include="vector">
      <UniqueIdentifier>{b0846c6a-4524-484a-a228-49b80b90e4a9}</UniqueIdentifier>
    </Filter>
  </ItemGroup>
  <ItemGroup>
    <ClCompile Include="input.cpp">
      <Filter>Source Files</Filter>
    </ClCompile>
    <ClCompile Include="window.cpp">
      <Filter>Source Files</Filter>
    </ClCompile>
    <ClCompile Include="glad\glad.c">
      <Filter>Source Files</Filter>
    </ClCompile>
    <ClCompile Include="glad\glad_wgl.c">
      <Filter>Source Files</Filter>
    </ClCompile>
    <ClCompile Include="vector\bv2.cpp">
      <Filter>vector</Filter>
    </ClCompile>
    <ClCompile Include="vector\bv3.cpp">
      <Filter>vector</Filter>
    </ClCompile>
    <ClCompile Include="vector\bv4.cpp">
      <Filter>vector</Filter>
    </ClCompile>
    <ClCompile Include="vector\dv2.cpp">
      <Filter>vector</Filter>
    </ClCompile>
    <ClCompile Include="vector\dv3.cpp">
      <Filter>vector</Filter>
    </ClCompile>
    <ClCompile Include="vector\dv4.cpp">
      <Filter>vector</Filter>
    </ClCompile>
    <ClCompile Include="vector\fv2.cpp">
      <Filter>vector</Filter>
    </ClCompile>
    <ClCompile Include="vector\fv3.cpp">
      <Filter>vector</Filter>
    </ClCompile>
    <ClCompile Include="vector\fv4.cpp">
      <Filter>vector</Filter>
    </ClCompile>
    <ClCompile Include="vector\iv2.cpp">
      <Filter>vector</Filter>
    </ClCompile>
    <ClCompile Include="vector\iv3.cpp">
      <Filter>vector</Filter>
    </ClCompile>
    <ClCompile Include="vector\iv4.cpp">
      <Filter>vector</Filter>
    </ClCompile>
    <ClCompile Include="vector\kissmath.cpp">
      <Filter>vector</Filter>
    </ClCompile>
    <ClCompile Include="vector\s64v2.cpp">
      <Filter>vector</Filter>
    </ClCompile>
    <ClCompile Include="vector\s64v3.cpp">
      <Filter>vector</Filter>
    </ClCompile>
    <ClCompile Include="vector\s64v4.cpp">
      <Filter>vector</Filter>
    </ClCompile>
    <ClCompile Include="vector\u8v2.cpp">
      <Filter>vector</Filter>
    </ClCompile>
    <ClCompile Include="vector\u8v3.cpp">
      <Filter>vector</Filter>
    </ClCompile>
    <ClCompile Include="vector\u8v4.cpp">
      <Filter>vector</Filter>
    </ClCompile>
    <ClCompile Include="vector\f64m2.cpp">
      <Filter>vector</Filter>
    </ClCompile>
    <ClCompile Include="vector\f64m3.cpp">
      <Filter>vector</Filter>
    </ClCompile>
    <ClCompile Include="vector\f64m4.cpp">
      <Filter>vector</Filter>
    </ClCompile>
    <ClCompile Include="vector\m2.cpp">
      <Filter>vector</Filter>
    </ClCompile>
    <ClCompile Include="vector\m3.cpp">
      <Filter>vector</Filter>
    </ClCompile>
    <ClCompile Include="vector\m4.cpp">
      <Filter>vector</Filter>
    </ClCompile>
    <ClCompile Include="vector\f64m2x3.cpp">
      <Filter>vector</Filter>
    </ClCompile>
    <ClCompile Include="vector\f64m3x4.cpp">
      <Filter>vector</Filter>
    </ClCompile>
    <ClCompile Include="vector\m2x3.cpp">
      <Filter>vector</Filter>
    </ClCompile>
    <ClCompile Include="vector\m3x4.cpp">
      <Filter>vector</Filter>
    </ClCompile>
  </ItemGroup>
  <ItemGroup>
    <ClInclude Include="input.hpp">
      <Filter>Header Files</Filter>
    </ClInclude>
    <ClInclude Include="kiss.hpp">
      <Filter>Header Files</Filter>
    </ClInclude>
    <ClInclude Include="window.hpp">
      <Filter>Header Files</Filter>
    </ClInclude>
    <ClInclude Include="glad\glad.h">
      <Filter>Header Files</Filter>
    </ClInclude>
    <ClInclude Include="glad\glad_wgl.h">
      <Filter>Header Files</Filter>
    </ClInclude>
    <ClInclude Include="glad\khrplatform.h">
      <Filter>Header Files</Filter>
    </ClInclude>
    <ClInclude Include="vector\bv2.hpp">
      <Filter>vector</Filter>
    </ClInclude>
    <ClInclude Include="vector\bv3.hpp">
      <Filter>vector</Filter>
    </ClInclude>
    <ClInclude Include="vector\bv4.hpp">
      <Filter>vector</Filter>
    </ClInclude>
    <ClInclude Include="vector\dv2.hpp">
      <Filter>vector</Filter>
    </ClInclude>
    <ClInclude Include="vector\dv3.hpp">
      <Filter>vector</Filter>
    </ClInclude>
    <ClInclude Include="vector\dv4.hpp">
      <Filter>vector</Filter>
    </ClInclude>
    <ClInclude Include="vector\f64m2.hpp">
      <Filter>vector</Filter>
    </ClInclude>
    <ClInclude Include="vector\f64m3.hpp">
      <Filter>vector</Filter>
    </ClInclude>
    <ClInclude Include="vector\f64m4.hpp">
      <Filter>vector</Filter>
    </ClInclude>
    <ClInclude Include="vector\fv2.hpp">
      <Filter>vector</Filter>
    </ClInclude>
    <ClInclude Include="vector\fv3.hpp">
      <Filter>vector</Filter>
    </ClInclude>
    <ClInclude Include="vector\fv4.hpp">
      <Filter>vector</Filter>
    </ClInclude>
    <ClInclude Include="vector\iv2.hpp">
      <Filter>vector</Filter>
    </ClInclude>
    <ClInclude Include="vector\iv3.hpp">
      <Filter>vector</Filter>
    </ClInclude>
    <ClInclude Include="vector\iv4.hpp">
      <Filter>vector</Filter>
    </ClInclude>
    <ClInclude Include="vector\kissmath.hpp">
      <Filter>vector</Filter>
    </ClInclude>
    <ClInclude Include="vector\m2.hpp">
      <Filter>vector</Filter>
    </ClInclude>
    <ClInclude Include="vector\m3.hpp">
      <Filter>vector</Filter>
    </ClInclude>
    <ClInclude Include="vector\m4.hpp">
      <Filter>vector</Filter>
    </ClInclude>
    <ClInclude Include="vector\s64v2.hpp">
      <Filter>vector</Filter>
    </ClInclude>
    <ClInclude Include="vector\s64v3.hpp">
      <Filter>vector</Filter>
    </ClInclude>
    <ClInclude Include="vector\s64v4.hpp">
      <Filter>vector</Filter>
    </ClInclude>
    <ClInclude Include="vector\types.hpp">
      <Filter>vector</Filter>
    </ClInclude>
    <ClInclude Include="vector\u8v2.hpp">
      <Filter>vector</Filter>
    </ClInclude>
    <ClInclude Include="vector\u8v3.hpp">
      <Filter>vector</Filter>
    </ClInclude>
    <ClInclude Include="vector\u8v4.hpp">
      <Filter>vector</Filter>
    </ClInclude>
    <ClInclude Include="vector\util.hpp">
      <Filter>vector</Filter>
    </ClInclude>
    <ClInclude Include="vector\vector.hpp">
      <Filter>vector</Filter>
    </ClInclude>
    <ClInclude Include="vector\f64m2x3.hpp">
      <Filter>vector</Filter>
    </ClInclude>
    <ClInclude Include="vector\f64m3x4.hpp">
      <Filter>vector</Filter>
    </ClInclude>
    <ClInclude Include="vector\m2x3.hpp">
      <Filter>vector</Filter>
    </ClInclude>
    <ClInclude Include="vector\m3x4.hpp">
      <Filter>vector</Filter>
    </ClInclude>
  </ItemGroup>
</Project>